
Microsoft Visual Studio Solution File, Format Version 12.00
# Visual Studio Version 17
VisualStudioVersion = 17.9.34622.214
MinimumVisualStudioVersion = 10.0.40219.1
Project("{FAE04EC0-301F-11D3-BF4B-00C04F79EFBC}") = "ProEventos.API", "ProEventos.API.csproj", "{2A666036-C862-4521-AE7B-E63D88F88E48}"
EndProject
Global
	GlobalSection(SolutionConfigurationPlatforms) = preSolution
		Debug|Any CPU = Debug|Any CPU
		Release|Any CPU = Release|Any CPU
	EndGlobalSection
	GlobalSection(ProjectConfigurationPlatforms) = postSolution
		{2A666036-C862-4521-AE7B-E63D88F88E48}.Debug|Any CPU.ActiveCfg = Debug|Any CPU
		{2A666036-C862-4521-AE7B-E63D88F88E48}.Debug|Any CPU.Build.0 = Debug|Any CPU
		{2A666036-C862-4521-AE7B-E63D88F88E48}.Release|Any CPU.ActiveCfg = Release|Any CPU
		{2A666036-C862-4521-AE7B-E63D88F88E48}.Release|Any CPU.Build.0 = Release|Any CPU
	EndGlobalSection
	GlobalSection(SolutionProperties) = preSolution
		HideSolutionNode = FALSE
	EndGlobalSection
	GlobalSection(ExtensibilityGlobals) = postSolution
		SolutionGuid = {3494BDC8-83E0-4CF7-9E45-8CDD2ECF391A}
	EndGlobalSection
EndGlobal
